
Microsoft Visual Studio Solution File, Format Version 12.00
# Visual Studio 14
VisualStudioVersion = 14.0.25420.1
MinimumVisualStudioVersion = 10.0.40219.1
Project("{FAE04EC0-301F-11D3-BF4B-00C04F79EFBC}") = "Using", "Using\Using.csproj", "{019F2A48-8EFD-40C3-9719-14E2462AA3EE}"
EndProject
Project("{FAE04EC0-301F-11D3-BF4B-00C04F79EFBC}") = "Unmanaged_resources", "Unmanaged_resources\Unmanaged_resources.csproj", "{8BA17122-58C8-444D-A291-8EED4B2E0D01}"
EndProject
Project("{FAE04EC0-301F-11D3-BF4B-00C04F79EFBC}") = "TwoSum", "TwoSum\TwoSum.csproj", "{586DA148-D6A8-4D8D-8401-639C68B7239D}"
EndProject
Project("{FAE04EC0-301F-11D3-BF4B-00C04F79EFBC}") = "TestP3", "TestP3\TestP3.csproj", "{3696E6CD-5993-425A-B169-75D8E762AA2D}"
EndProject
Project("{FAE04EC0-301F-11D3-BF4B-00C04F79EFBC}") = "TestP2", "TestP2\TestP2.csproj", "{05520D02-E308-4B81-945B-BB171418C317}"
EndProject
Project("{FAE04EC0-301F-11D3-BF4B-00C04F79EFBC}") = "TestP1", "TestP1\TestP1.csproj", "{099C5BC5-9F2E-4BF2-B0EB-7889B404DA3B}"
EndProject
Project("{FAE04EC0-301F-11D3-BF4B-00C04F79EFBC}") = "Testing06", "Testing06\Testing06.csproj", "{FC6524EB-DB59-466D-A9F3-DBD6705AC92B}"
EndProject
Project("{FAE04EC0-301F-11D3-BF4B-00C04F79EFBC}") = "Swaping", "Swaping\Swaping.csproj", "{9C62B4B1-E8FA-4B5D-A6D7-C816A86A8E66}"
EndProject
Project("{FAE04EC0-301F-11D3-BF4B-00C04F79EFBC}") = "Ref-String", "Ref-String\Ref-String.csproj", "{C33C0FAE-39DF-459C-BF09-BB98773CB82F}"
EndProject
Project("{FAE04EC0-301F-11D3-BF4B-00C04F79EFBC}") = "StaticConstructor", "StaticConstructor\StaticConstructor.csproj", "{A5664FB3-5E52-48E3-AFF9-9A45739897FE}"
EndProject
Global
	GlobalSection(SolutionConfigurationPlatforms) = preSolution
		Debug|Any CPU = Debug|Any CPU
		Release|Any CPU = Release|Any CPU
	EndGlobalSection
	GlobalSection(ProjectConfigurationPlatforms) = postSolution
		{019F2A48-8EFD-40C3-9719-14E2462AA3EE}.Debug|Any CPU.ActiveCfg = Debug|Any CPU
		{019F2A48-8EFD-40C3-9719-14E2462AA3EE}.Debug|Any CPU.Build.0 = Debug|Any CPU
		{019F2A48-8EFD-40C3-9719-14E2462AA3EE}.Release|Any CPU.ActiveCfg = Release|Any CPU
		{019F2A48-8EFD-40C3-9719-14E2462AA3EE}.Release|Any CPU.Build.0 = Release|Any CPU
		{8BA17122-58C8-444D-A291-8EED4B2E0D01}.Debug|Any CPU.ActiveCfg = Debug|Any CPU
		{8BA17122-58C8-444D-A291-8EED4B2E0D01}.Debug|Any CPU.Build.0 = Debug|Any CPU
		{8BA17122-58C8-444D-A291-8EED4B2E0D01}.Release|Any CPU.ActiveCfg = Release|Any CPU
		{8BA17122-58C8-444D-A291-8EED4B2E0D01}.Release|Any CPU.Build.0 = Release|Any CPU
		{586DA148-D6A8-4D8D-8401-639C68B7239D}.Debug|Any CPU.ActiveCfg = Debug|Any CPU
		{586DA148-D6A8-4D8D-8401-639C68B7239D}.Debug|Any CPU.Build.0 = Debug|Any CPU
		{586DA148-D6A8-4D8D-8401-639C68B7239D}.Release|Any CPU.ActiveCfg = Release|Any CPU
		{586DA148-D6A8-4D8D-8401-639C68B7239D}.Release|Any CPU.Build.0 = Release|Any CPU
		{3696E6CD-5993-425A-B169-75D8E762AA2D}.Debug|Any CPU.ActiveCfg = Debug|Any CPU
		{3696E6CD-5993-425A-B169-75D8E762AA2D}.Debug|Any CPU.Build.0 = Debug|Any CPU
		{3696E6CD-5993-425A-B169-75D8E762AA2D}.Release|Any CPU.ActiveCfg = Release|Any CPU
		{3696E6CD-5993-425A-B169-75D8E762AA2D}.Release|Any CPU.Build.0 = Release|Any CPU
		{05520D02-E308-4B81-945B-BB171418C317}.Debug|Any CPU.ActiveCfg = Debug|Any CPU
		{05520D02-E308-4B81-945B-BB171418C317}.Debug|Any CPU.Build.0 = Debug|Any CPU
		{05520D02-E308-4B81-945B-BB171418C317}.Release|Any CPU.ActiveCfg = Release|Any CPU
		{05520D02-E308-4B81-945B-BB171418C317}.Release|Any CPU.Build.0 = Release|Any CPU
		{099C5BC5-9F2E-4BF2-B0EB-7889B404DA3B}.Debug|Any CPU.ActiveCfg = Debug|Any CPU
		{099C5BC5-9F2E-4BF2-B0EB-7889B404DA3B}.Debug|Any CPU.Build.0 = Debug|Any CPU
		{099C5BC5-9F2E-4BF2-B0EB-7889B404DA3B}.Release|Any CPU.ActiveCfg = Release|Any CPU
		{099C5BC5-9F2E-4BF2-B0EB-7889B404DA3B}.Release|Any CPU.Build.0 = Release|Any CPU
		{FC6524EB-DB59-466D-A9F3-DBD6705AC92B}.Debug|Any CPU.ActiveCfg = Debug|Any CPU
		{FC6524EB-DB59-466D-A9F3-DBD6705AC92B}.Debug|Any CPU.Build.0 = Debug|Any CPU
		{FC6524EB-DB59-466D-A9F3-DBD6705AC92B}.Release|Any CPU.ActiveCfg = Release|Any CPU
		{FC6524EB-DB59-466D-A9F3-DBD6705AC92B}.Release|Any CPU.Build.0 = Release|Any CPU
		{9C62B4B1-E8FA-4B5D-A6D7-C816A86A8E66}.Debug|Any CPU.ActiveCfg = Debug|Any CPU
		{9C62B4B1-E8FA-4B5D-A6D7-C816A86A8E66}.Debug|Any CPU.Build.0 = Debug|Any CPU
		{9C62B4B1-E8FA-4B5D-A6D7-C816A86A8E66}.Release|Any CPU.ActiveCfg = Release|Any CPU
		{9C62B4B1-E8FA-4B5D-A6D7-C816A86A8E66}.Release|Any CPU.Build.0 = Release|Any CPU
		{C33C0FAE-39DF-459C-BF09-BB98773CB82F}.Debug|Any CPU.ActiveCfg = Debug|Any CPU
		{C33C0FAE-39DF-459C-BF09-BB98773CB82F}.Debug|Any CPU.Build.0 = Debug|Any CPU
		{C33C0FAE-39DF-459C-BF09-BB98773CB82F}.Release|Any CPU.ActiveCfg = Release|Any CPU
		{C33C0FAE-39DF-459C-BF09-BB98773CB82F}.Release|Any CPU.Build.0 = Release|Any CPU
		{A5664FB3-5E52-48E3-AFF9-9A45739897FE}.Debug|Any CPU.ActiveCfg = Debug|Any CPU
		{A5664FB3-5E52-48E3-AFF9-9A45739897FE}.Debug|Any CPU.Build.0 = Debug|Any CPU
		{A5664FB3-5E52-48E3-AFF9-9A45739897FE}.Release|Any CPU.ActiveCfg = Release|Any CPU
		{A5664FB3-5E52-48E3-AFF9-9A45739897FE}.Release|Any CPU.Build.0 = Release|Any CPU
	EndGlobalSection
	GlobalSection(SolutionProperties) = preSolution
		HideSolutionNode = FALSE
	EndGlobalSection
EndGlobal
