
Microsoft Visual Studio Solution File, Format Version 12.00
# Visual Studio 14
VisualStudioVersion = 14.0.25420.1
MinimumVisualStudioVersion = 10.0.40219.1
Project("{FAE04EC0-301F-11D3-BF4B-00C04F79EFBC}") = "Using", "Using\Using.csproj", "{019F2A48-8EFD-40C3-9719-14E2462AA3EE}"
EndProject
Project("{FAE04EC0-301F-11D3-BF4B-00C04F79EFBC}") = "Unmanaged_resources", "Unmanaged_resources\Unmanaged_resources.csproj", "{8BA17122-58C8-444D-A291-8EED4B2E0D01}"
EndProject
Project("{FAE04EC0-301F-11D3-BF4B-00C04F79EFBC}") = "TwoSum", "TwoSum\TwoSum.csproj", "{586DA148-D6A8-4D8D-8401-639C68B7239D}"
EndProject
Project("{FAE04EC0-301F-11D3-BF4B-00C04F79EFBC}") = "TestP3", "TestP3\TestP3.csproj", "{3696E6CD-5993-425A-B169-75D8E762AA2D}"
EndProject
Project("{FAE04EC0-301F-11D3-BF4B-00C04F79EFBC}") = "TestP2", "TestP2\TestP2.csproj", "{05520D02-E308-4B81-945B-BB171418C317}"
EndProject
Project("{FAE04EC0-301F-11D3-BF4B-00C04F79EFBC}") = "TestP1", "TestP1\TestP1.csproj", "{099C5BC5-9F2E-4BF2-B0EB-7889B404DA3B}"
EndProject
Project("{FAE04EC0-301F-11D3-BF4B-00C04F79EFBC}") = "Testing06", "Testing06\Testing06.csproj", "{FC6524EB-DB59-466D-A9F3-DBD6705AC92B}"
EndProject
Project("{FAE04EC0-301F-11D3-BF4B-00C04F79EFBC}") = "Swaping", "Swaping\Swaping.csproj", "{9C62B4B1-E8FA-4B5D-A6D7-C816A86A8E66}"
EndProject
Project("{FAE04EC0-301F-11D3-BF4B-00C04F79EFBC}") = "Ref-String", "Ref-String\Ref-String.csproj", "{C33C0FAE-39DF-459C-BF09-BB98773CB82F}"
EndProject
Project("{FAE04EC0-301F-11D3-BF4B-00C04F79EFBC}") = "StaticConstructor", "StaticConstructor\StaticConstructor.csproj", "{A5664FB3-5E52-48E3-AFF9-9A45739897FE}"
EndProject
Project("{FAE04EC0-301F-11D3-BF4B-00C04F79EFBC}") = "StaticCtorInheritance", "StaticCtorInheritance\StaticCtorInheritance.csproj", "{F6C784F4-B5F4-493F-A937-0E29294ACEEF}"
EndProject
Project("{FAE04EC0-301F-11D3-BF4B-00C04F79EFBC}") = "Upcast-staticCTOR", "Upcast-staticCTOR\Upcast-staticCTOR.csproj", "{E5BC91CA-BD03-4AEB-974D-A0ADC78D73F3}"
EndProject
Project("{FAE04EC0-301F-11D3-BF4B-00C04F79EFBC}") = "TestProblem", "TestProblem\TestProblem.csproj", "{30C32E4E-2138-48CF-99DA-D0424CB2D593}"
EndProject
Project("{FAE04EC0-301F-11D3-BF4B-00C04F79EFBC}") = "Test", "Test\Test.csproj", "{F7A8F703-BF8F-49AE-B7AE-A572180DAFD9}"
EndProject
Project("{FAE04EC0-301F-11D3-BF4B-00C04F79EFBC}") = "Palindrome", "Palindrome\Palindrome.csproj", "{FA1C5677-1581-42F4-8281-BF350BE33B66}"
EndProject
Project("{FAE04EC0-301F-11D3-BF4B-00C04F79EFBC}") = "OperatorsOverloading", "OperatorsOverloading\OperatorsOverloading.csproj", "{6C3DF0E1-E0EA-43CF-85AC-20B18D1C4207}"
EndProject
Project("{FAE04EC0-301F-11D3-BF4B-00C04F79EFBC}") = "IsAs", "IsAs\IsAs.csproj", "{5276A48E-8660-4FA3-ABD0-C59B8581E659}"
EndProject
Project("{FAE04EC0-301F-11D3-BF4B-00C04F79EFBC}") = "InterfaceExplicitImplem", "InterfaceExplicitImplem\InterfaceExplicitImplem.csproj", "{853381CC-2C11-4DBE-B000-09A4D093CD94}"
EndProject
Project("{FAE04EC0-301F-11D3-BF4B-00C04F79EFBC}") = "InheritanceProblem", "InheritanceProblem\InheritanceProblem.csproj", "{E530C5CF-0727-4C35-86D2-EB68B2A6037D}"
EndProject
Project("{FAE04EC0-301F-11D3-BF4B-00C04F79EFBC}") = "Indexer-extensions", "Indexer\Indexer-extensions.csproj", "{708F8D62-BDB2-4208-9917-71B45B27480E}"
EndProject
Project("{FAE04EC0-301F-11D3-BF4B-00C04F79EFBC}") = "IClonable", "IClonable\IClonable.csproj", "{C1770EC6-78C0-402A-8AFE-6CF2945169F1}"
EndProject
Project("{FAE04EC0-301F-11D3-BF4B-00C04F79EFBC}") = "Events", "Events\Events.csproj", "{00DF47EC-9F49-4EF5-BB71-9B3D9EE33E47}"
EndProject
Project("{FAE04EC0-301F-11D3-BF4B-00C04F79EFBC}") = "Delegate", "Delegate\Delegate.csproj", "{1075FCA6-6CB1-4905-A98F-1D7F1420C3ED}"
EndProject
Project("{FAE04EC0-301F-11D3-BF4B-00C04F79EFBC}") = "CustomCollections", "CustomCollections\CustomCollections.csproj", "{B5B03EE6-4A89-4E6C-9B27-76CC9D09C43D}"
EndProject
Project("{FAE04EC0-301F-11D3-BF4B-00C04F79EFBC}") = "ContinueBreak", "ContinueBreak\ContinueBreak.csproj", "{22B1EC70-B8C4-47D4-9759-CEF640CAF334}"
EndProject
Project("{FAE04EC0-301F-11D3-BF4B-00C04F79EFBC}") = "CodeFights", "CodeFights\CodeFights.csproj", "{BBF48E40-D728-4F1B-9584-EAFF6495C6D6}"
EndProject
Project("{FAE04EC0-301F-11D3-BF4B-00C04F79EFBC}") = "ArraysReverse", "Arrays\ArraysReverse.csproj", "{C17701B7-2F1B-48CE-B8AA-482C18122596}"
EndProject
Project("{FAE04EC0-301F-11D3-BF4B-00C04F79EFBC}") = "ArrayProblem", "ArrayProblem\ArrayProblem.csproj", "{E05C383C-4FF3-4FED-81CA-2D0C19F5650E}"
EndProject
Project("{FAE04EC0-301F-11D3-BF4B-00C04F79EFBC}") = "Generic-NonGenericCollections", "Generic-NonGenericCollections\Generic-NonGenericCollections.csproj", "{0DD6B93F-513E-44C4-B40A-F6BFD6856FA6}"
EndProject
Project("{FAE04EC0-301F-11D3-BF4B-00C04F79EFBC}") = "QuickSort", "QuickSort\QuickSort.csproj", "{1603AD76-AA35-490B-A48E-5F503B4CF11F}"
EndProject
Project("{FAE04EC0-301F-11D3-BF4B-00C04F79EFBC}") = "BubbleSort", "BubbleSort\BubbleSort.csproj", "{55443ADB-EDEC-40F0-8A91-F03778AE3A6C}"
EndProject
Project("{FAE04EC0-301F-11D3-BF4B-00C04F79EFBC}") = "BinarySearch", "BinarySearch\BinarySearch.csproj", "{0D70F64C-1851-4BC5-85BE-F97473E182D9}"
EndProject
Project("{FAE04EC0-301F-11D3-BF4B-00C04F79EFBC}") = "LinearSearch", "LinearSearch\LinearSearch.csproj", "{543CA2C6-06FD-4BB0-AB74-2DA2D0434C32}"
EndProject
Project("{FAE04EC0-301F-11D3-BF4B-00C04F79EFBC}") = "Params", "Params\Params.csproj", "{D999EA97-05B2-48C5-B69C-247FEFBBC087}"
EndProject
Project("{FAE04EC0-301F-11D3-BF4B-00C04F79EFBC}") = "TestP4", "TestP4\TestP4.csproj", "{9122FAD4-DBEC-4025-8D97-D8A86F406FE6}"
EndProject
Project("{FAE04EC0-301F-11D3-BF4B-00C04F79EFBC}") = "Problem", "Problem\Problem.csproj", "{814C0058-63C1-47DB-98A3-1CAFF9E68B55}"
EndProject
Project("{FAE04EC0-301F-11D3-BF4B-00C04F79EFBC}") = "CodefightsProblem", "CodefightsProblem\CodefightsProblem.csproj", "{40F39643-3EB9-4744-8BAD-2CB10953147B}"
EndProject
Project("{FAE04EC0-301F-11D3-BF4B-00C04F79EFBC}") = "CodeFightsProblem1", "CodeFightsProblem1\CodeFightsProblem1.csproj", "{B25D4923-FD39-4285-ACA9-A54DC4FB83E8}"
EndProject
Project("{FAE04EC0-301F-11D3-BF4B-00C04F79EFBC}") = "MultiInheritance manipulation", "Checkings\MultiInheritance manipulation.csproj", "{9CC44232-9166-4B01-9399-AC5BD2A50860}"
EndProject
Project("{FAE04EC0-301F-11D3-BF4B-00C04F79EFBC}") = "AnonymousTypes", "stackoverflow\AnonymousTypes.csproj", "{FD0C0D27-F192-4705-A17D-FA5383A7265B}"
EndProject
Project("{FAE04EC0-301F-11D3-BF4B-00C04F79EFBC}") = "ParseTryParse", "checking\ParseTryParse.csproj", "{F0985B1C-E77A-4ADD-B2D9-B1F101AA6D75}"
EndProject
Project("{FAE04EC0-301F-11D3-BF4B-00C04F79EFBC}") = "OptionalNamedParamerts", "OptionalNamedParamerts\OptionalNamedParamerts.csproj", "{9990DE6E-E49D-4568-9AE4-C063C6D8E9E9}"
EndProject
Global
	GlobalSection(SolutionConfigurationPlatforms) = preSolution
		Debug|Any CPU = Debug|Any CPU
		Release|Any CPU = Release|Any CPU
	EndGlobalSection
	GlobalSection(ProjectConfigurationPlatforms) = postSolution
		{019F2A48-8EFD-40C3-9719-14E2462AA3EE}.Debug|Any CPU.ActiveCfg = Debug|Any CPU
		{019F2A48-8EFD-40C3-9719-14E2462AA3EE}.Debug|Any CPU.Build.0 = Debug|Any CPU
		{019F2A48-8EFD-40C3-9719-14E2462AA3EE}.Release|Any CPU.ActiveCfg = Release|Any CPU
		{019F2A48-8EFD-40C3-9719-14E2462AA3EE}.Release|Any CPU.Build.0 = Release|Any CPU
		{8BA17122-58C8-444D-A291-8EED4B2E0D01}.Debug|Any CPU.ActiveCfg = Debug|Any CPU
		{8BA17122-58C8-444D-A291-8EED4B2E0D01}.Debug|Any CPU.Build.0 = Debug|Any CPU
		{8BA17122-58C8-444D-A291-8EED4B2E0D01}.Release|Any CPU.ActiveCfg = Release|Any CPU
		{8BA17122-58C8-444D-A291-8EED4B2E0D01}.Release|Any CPU.Build.0 = Release|Any CPU
		{586DA148-D6A8-4D8D-8401-639C68B7239D}.Debug|Any CPU.ActiveCfg = Debug|Any CPU
		{586DA148-D6A8-4D8D-8401-639C68B7239D}.Debug|Any CPU.Build.0 = Debug|Any CPU
		{586DA148-D6A8-4D8D-8401-639C68B7239D}.Release|Any CPU.ActiveCfg = Release|Any CPU
		{586DA148-D6A8-4D8D-8401-639C68B7239D}.Release|Any CPU.Build.0 = Release|Any CPU
		{3696E6CD-5993-425A-B169-75D8E762AA2D}.Debug|Any CPU.ActiveCfg = Debug|Any CPU
		{3696E6CD-5993-425A-B169-75D8E762AA2D}.Debug|Any CPU.Build.0 = Debug|Any CPU
		{3696E6CD-5993-425A-B169-75D8E762AA2D}.Release|Any CPU.ActiveCfg = Release|Any CPU
		{3696E6CD-5993-425A-B169-75D8E762AA2D}.Release|Any CPU.Build.0 = Release|Any CPU
		{05520D02-E308-4B81-945B-BB171418C317}.Debug|Any CPU.ActiveCfg = Debug|Any CPU
		{05520D02-E308-4B81-945B-BB171418C317}.Debug|Any CPU.Build.0 = Debug|Any CPU
		{05520D02-E308-4B81-945B-BB171418C317}.Release|Any CPU.ActiveCfg = Release|Any CPU
		{05520D02-E308-4B81-945B-BB171418C317}.Release|Any CPU.Build.0 = Release|Any CPU
		{099C5BC5-9F2E-4BF2-B0EB-7889B404DA3B}.Debug|Any CPU.ActiveCfg = Debug|Any CPU
		{099C5BC5-9F2E-4BF2-B0EB-7889B404DA3B}.Debug|Any CPU.Build.0 = Debug|Any CPU
		{099C5BC5-9F2E-4BF2-B0EB-7889B404DA3B}.Release|Any CPU.ActiveCfg = Release|Any CPU
		{099C5BC5-9F2E-4BF2-B0EB-7889B404DA3B}.Release|Any CPU.Build.0 = Release|Any CPU
		{FC6524EB-DB59-466D-A9F3-DBD6705AC92B}.Debug|Any CPU.ActiveCfg = Debug|Any CPU
		{FC6524EB-DB59-466D-A9F3-DBD6705AC92B}.Debug|Any CPU.Build.0 = Debug|Any CPU
		{FC6524EB-DB59-466D-A9F3-DBD6705AC92B}.Release|Any CPU.ActiveCfg = Release|Any CPU
		{FC6524EB-DB59-466D-A9F3-DBD6705AC92B}.Release|Any CPU.Build.0 = Release|Any CPU
		{9C62B4B1-E8FA-4B5D-A6D7-C816A86A8E66}.Debug|Any CPU.ActiveCfg = Debug|Any CPU
		{9C62B4B1-E8FA-4B5D-A6D7-C816A86A8E66}.Debug|Any CPU.Build.0 = Debug|Any CPU
		{9C62B4B1-E8FA-4B5D-A6D7-C816A86A8E66}.Release|Any CPU.ActiveCfg = Release|Any CPU
		{9C62B4B1-E8FA-4B5D-A6D7-C816A86A8E66}.Release|Any CPU.Build.0 = Release|Any CPU
		{C33C0FAE-39DF-459C-BF09-BB98773CB82F}.Debug|Any CPU.ActiveCfg = Debug|Any CPU
		{C33C0FAE-39DF-459C-BF09-BB98773CB82F}.Debug|Any CPU.Build.0 = Debug|Any CPU
		{C33C0FAE-39DF-459C-BF09-BB98773CB82F}.Release|Any CPU.ActiveCfg = Release|Any CPU
		{C33C0FAE-39DF-459C-BF09-BB98773CB82F}.Release|Any CPU.Build.0 = Release|Any CPU
		{A5664FB3-5E52-48E3-AFF9-9A45739897FE}.Debug|Any CPU.ActiveCfg = Debug|Any CPU
		{A5664FB3-5E52-48E3-AFF9-9A45739897FE}.Debug|Any CPU.Build.0 = Debug|Any CPU
		{A5664FB3-5E52-48E3-AFF9-9A45739897FE}.Release|Any CPU.ActiveCfg = Release|Any CPU
		{A5664FB3-5E52-48E3-AFF9-9A45739897FE}.Release|Any CPU.Build.0 = Release|Any CPU
		{F6C784F4-B5F4-493F-A937-0E29294ACEEF}.Debug|Any CPU.ActiveCfg = Debug|Any CPU
		{F6C784F4-B5F4-493F-A937-0E29294ACEEF}.Debug|Any CPU.Build.0 = Debug|Any CPU
		{F6C784F4-B5F4-493F-A937-0E29294ACEEF}.Release|Any CPU.ActiveCfg = Release|Any CPU
		{F6C784F4-B5F4-493F-A937-0E29294ACEEF}.Release|Any CPU.Build.0 = Release|Any CPU
		{E5BC91CA-BD03-4AEB-974D-A0ADC78D73F3}.Debug|Any CPU.ActiveCfg = Debug|Any CPU
		{E5BC91CA-BD03-4AEB-974D-A0ADC78D73F3}.Debug|Any CPU.Build.0 = Debug|Any CPU
		{E5BC91CA-BD03-4AEB-974D-A0ADC78D73F3}.Release|Any CPU.ActiveCfg = Release|Any CPU
		{E5BC91CA-BD03-4AEB-974D-A0ADC78D73F3}.Release|Any CPU.Build.0 = Release|Any CPU
		{30C32E4E-2138-48CF-99DA-D0424CB2D593}.Debug|Any CPU.ActiveCfg = Debug|Any CPU
		{30C32E4E-2138-48CF-99DA-D0424CB2D593}.Debug|Any CPU.Build.0 = Debug|Any CPU
		{30C32E4E-2138-48CF-99DA-D0424CB2D593}.Release|Any CPU.ActiveCfg = Release|Any CPU
		{30C32E4E-2138-48CF-99DA-D0424CB2D593}.Release|Any CPU.Build.0 = Release|Any CPU
		{F7A8F703-BF8F-49AE-B7AE-A572180DAFD9}.Debug|Any CPU.ActiveCfg = Debug|Any CPU
		{F7A8F703-BF8F-49AE-B7AE-A572180DAFD9}.Debug|Any CPU.Build.0 = Debug|Any CPU
		{F7A8F703-BF8F-49AE-B7AE-A572180DAFD9}.Release|Any CPU.ActiveCfg = Release|Any CPU
		{F7A8F703-BF8F-49AE-B7AE-A572180DAFD9}.Release|Any CPU.Build.0 = Release|Any CPU
		{FA1C5677-1581-42F4-8281-BF350BE33B66}.Debug|Any CPU.ActiveCfg = Debug|Any CPU
		{FA1C5677-1581-42F4-8281-BF350BE33B66}.Debug|Any CPU.Build.0 = Debug|Any CPU
		{FA1C5677-1581-42F4-8281-BF350BE33B66}.Release|Any CPU.ActiveCfg = Release|Any CPU
		{FA1C5677-1581-42F4-8281-BF350BE33B66}.Release|Any CPU.Build.0 = Release|Any CPU
		{6C3DF0E1-E0EA-43CF-85AC-20B18D1C4207}.Debug|Any CPU.ActiveCfg = Debug|Any CPU
		{6C3DF0E1-E0EA-43CF-85AC-20B18D1C4207}.Debug|Any CPU.Build.0 = Debug|Any CPU
		{6C3DF0E1-E0EA-43CF-85AC-20B18D1C4207}.Release|Any CPU.ActiveCfg = Release|Any CPU
		{6C3DF0E1-E0EA-43CF-85AC-20B18D1C4207}.Release|Any CPU.Build.0 = Release|Any CPU
		{5276A48E-8660-4FA3-ABD0-C59B8581E659}.Debug|Any CPU.ActiveCfg = Debug|Any CPU
		{5276A48E-8660-4FA3-ABD0-C59B8581E659}.Debug|Any CPU.Build.0 = Debug|Any CPU
		{5276A48E-8660-4FA3-ABD0-C59B8581E659}.Release|Any CPU.ActiveCfg = Release|Any CPU
		{5276A48E-8660-4FA3-ABD0-C59B8581E659}.Release|Any CPU.Build.0 = Release|Any CPU
		{853381CC-2C11-4DBE-B000-09A4D093CD94}.Debug|Any CPU.ActiveCfg = Debug|Any CPU
		{853381CC-2C11-4DBE-B000-09A4D093CD94}.Debug|Any CPU.Build.0 = Debug|Any CPU
		{853381CC-2C11-4DBE-B000-09A4D093CD94}.Release|Any CPU.ActiveCfg = Release|Any CPU
		{853381CC-2C11-4DBE-B000-09A4D093CD94}.Release|Any CPU.Build.0 = Release|Any CPU
		{E530C5CF-0727-4C35-86D2-EB68B2A6037D}.Debug|Any CPU.ActiveCfg = Debug|Any CPU
		{E530C5CF-0727-4C35-86D2-EB68B2A6037D}.Debug|Any CPU.Build.0 = Debug|Any CPU
		{E530C5CF-0727-4C35-86D2-EB68B2A6037D}.Release|Any CPU.ActiveCfg = Release|Any CPU
		{E530C5CF-0727-4C35-86D2-EB68B2A6037D}.Release|Any CPU.Build.0 = Release|Any CPU
		{708F8D62-BDB2-4208-9917-71B45B27480E}.Debug|Any CPU.ActiveCfg = Debug|Any CPU
		{708F8D62-BDB2-4208-9917-71B45B27480E}.Debug|Any CPU.Build.0 = Debug|Any CPU
		{708F8D62-BDB2-4208-9917-71B45B27480E}.Release|Any CPU.ActiveCfg = Release|Any CPU
		{708F8D62-BDB2-4208-9917-71B45B27480E}.Release|Any CPU.Build.0 = Release|Any CPU
		{C1770EC6-78C0-402A-8AFE-6CF2945169F1}.Debug|Any CPU.ActiveCfg = Debug|Any CPU
		{C1770EC6-78C0-402A-8AFE-6CF2945169F1}.Debug|Any CPU.Build.0 = Debug|Any CPU
		{C1770EC6-78C0-402A-8AFE-6CF2945169F1}.Release|Any CPU.ActiveCfg = Release|Any CPU
		{C1770EC6-78C0-402A-8AFE-6CF2945169F1}.Release|Any CPU.Build.0 = Release|Any CPU
		{00DF47EC-9F49-4EF5-BB71-9B3D9EE33E47}.Debug|Any CPU.ActiveCfg = Debug|Any CPU
		{00DF47EC-9F49-4EF5-BB71-9B3D9EE33E47}.Debug|Any CPU.Build.0 = Debug|Any CPU
		{00DF47EC-9F49-4EF5-BB71-9B3D9EE33E47}.Release|Any CPU.ActiveCfg = Release|Any CPU
		{00DF47EC-9F49-4EF5-BB71-9B3D9EE33E47}.Release|Any CPU.Build.0 = Release|Any CPU
		{1075FCA6-6CB1-4905-A98F-1D7F1420C3ED}.Debug|Any CPU.ActiveCfg = Debug|Any CPU
		{1075FCA6-6CB1-4905-A98F-1D7F1420C3ED}.Debug|Any CPU.Build.0 = Debug|Any CPU
		{1075FCA6-6CB1-4905-A98F-1D7F1420C3ED}.Release|Any CPU.ActiveCfg = Release|Any CPU
		{1075FCA6-6CB1-4905-A98F-1D7F1420C3ED}.Release|Any CPU.Build.0 = Release|Any CPU
		{B5B03EE6-4A89-4E6C-9B27-76CC9D09C43D}.Debug|Any CPU.ActiveCfg = Debug|Any CPU
		{B5B03EE6-4A89-4E6C-9B27-76CC9D09C43D}.Debug|Any CPU.Build.0 = Debug|Any CPU
		{B5B03EE6-4A89-4E6C-9B27-76CC9D09C43D}.Release|Any CPU.ActiveCfg = Release|Any CPU
		{B5B03EE6-4A89-4E6C-9B27-76CC9D09C43D}.Release|Any CPU.Build.0 = Release|Any CPU
		{22B1EC70-B8C4-47D4-9759-CEF640CAF334}.Debug|Any CPU.ActiveCfg = Debug|Any CPU
		{22B1EC70-B8C4-47D4-9759-CEF640CAF334}.Debug|Any CPU.Build.0 = Debug|Any CPU
		{22B1EC70-B8C4-47D4-9759-CEF640CAF334}.Release|Any CPU.ActiveCfg = Release|Any CPU
		{22B1EC70-B8C4-47D4-9759-CEF640CAF334}.Release|Any CPU.Build.0 = Release|Any CPU
		{BBF48E40-D728-4F1B-9584-EAFF6495C6D6}.Debug|Any CPU.ActiveCfg = Debug|Any CPU
		{BBF48E40-D728-4F1B-9584-EAFF6495C6D6}.Debug|Any CPU.Build.0 = Debug|Any CPU
		{BBF48E40-D728-4F1B-9584-EAFF6495C6D6}.Release|Any CPU.ActiveCfg = Release|Any CPU
		{BBF48E40-D728-4F1B-9584-EAFF6495C6D6}.Release|Any CPU.Build.0 = Release|Any CPU
		{C17701B7-2F1B-48CE-B8AA-482C18122596}.Debug|Any CPU.ActiveCfg = Debug|Any CPU
		{C17701B7-2F1B-48CE-B8AA-482C18122596}.Debug|Any CPU.Build.0 = Debug|Any CPU
		{C17701B7-2F1B-48CE-B8AA-482C18122596}.Release|Any CPU.ActiveCfg = Release|Any CPU
		{C17701B7-2F1B-48CE-B8AA-482C18122596}.Release|Any CPU.Build.0 = Release|Any CPU
		{E05C383C-4FF3-4FED-81CA-2D0C19F5650E}.Debug|Any CPU.ActiveCfg = Debug|Any CPU
		{E05C383C-4FF3-4FED-81CA-2D0C19F5650E}.Debug|Any CPU.Build.0 = Debug|Any CPU
		{E05C383C-4FF3-4FED-81CA-2D0C19F5650E}.Release|Any CPU.ActiveCfg = Release|Any CPU
		{E05C383C-4FF3-4FED-81CA-2D0C19F5650E}.Release|Any CPU.Build.0 = Release|Any CPU
		{0DD6B93F-513E-44C4-B40A-F6BFD6856FA6}.Debug|Any CPU.ActiveCfg = Debug|Any CPU
		{0DD6B93F-513E-44C4-B40A-F6BFD6856FA6}.Debug|Any CPU.Build.0 = Debug|Any CPU
		{0DD6B93F-513E-44C4-B40A-F6BFD6856FA6}.Release|Any CPU.ActiveCfg = Release|Any CPU
		{0DD6B93F-513E-44C4-B40A-F6BFD6856FA6}.Release|Any CPU.Build.0 = Release|Any CPU
		{1603AD76-AA35-490B-A48E-5F503B4CF11F}.Debug|Any CPU.ActiveCfg = Debug|Any CPU
		{1603AD76-AA35-490B-A48E-5F503B4CF11F}.Debug|Any CPU.Build.0 = Debug|Any CPU
		{1603AD76-AA35-490B-A48E-5F503B4CF11F}.Release|Any CPU.ActiveCfg = Release|Any CPU
		{1603AD76-AA35-490B-A48E-5F503B4CF11F}.Release|Any CPU.Build.0 = Release|Any CPU
		{55443ADB-EDEC-40F0-8A91-F03778AE3A6C}.Debug|Any CPU.ActiveCfg = Debug|Any CPU
		{55443ADB-EDEC-40F0-8A91-F03778AE3A6C}.Debug|Any CPU.Build.0 = Debug|Any CPU
		{55443ADB-EDEC-40F0-8A91-F03778AE3A6C}.Release|Any CPU.ActiveCfg = Release|Any CPU
		{55443ADB-EDEC-40F0-8A91-F03778AE3A6C}.Release|Any CPU.Build.0 = Release|Any CPU
		{0D70F64C-1851-4BC5-85BE-F97473E182D9}.Debug|Any CPU.ActiveCfg = Debug|Any CPU
		{0D70F64C-1851-4BC5-85BE-F97473E182D9}.Debug|Any CPU.Build.0 = Debug|Any CPU
		{0D70F64C-1851-4BC5-85BE-F97473E182D9}.Release|Any CPU.ActiveCfg = Release|Any CPU
		{0D70F64C-1851-4BC5-85BE-F97473E182D9}.Release|Any CPU.Build.0 = Release|Any CPU
		{543CA2C6-06FD-4BB0-AB74-2DA2D0434C32}.Debug|Any CPU.ActiveCfg = Debug|Any CPU
		{543CA2C6-06FD-4BB0-AB74-2DA2D0434C32}.Debug|Any CPU.Build.0 = Debug|Any CPU
		{543CA2C6-06FD-4BB0-AB74-2DA2D0434C32}.Release|Any CPU.ActiveCfg = Release|Any CPU
		{543CA2C6-06FD-4BB0-AB74-2DA2D0434C32}.Release|Any CPU.Build.0 = Release|Any CPU
		{D999EA97-05B2-48C5-B69C-247FEFBBC087}.Debug|Any CPU.ActiveCfg = Debug|Any CPU
		{D999EA97-05B2-48C5-B69C-247FEFBBC087}.Debug|Any CPU.Build.0 = Debug|Any CPU
		{D999EA97-05B2-48C5-B69C-247FEFBBC087}.Release|Any CPU.ActiveCfg = Release|Any CPU
		{D999EA97-05B2-48C5-B69C-247FEFBBC087}.Release|Any CPU.Build.0 = Release|Any CPU
		{9122FAD4-DBEC-4025-8D97-D8A86F406FE6}.Debug|Any CPU.ActiveCfg = Debug|Any CPU
		{9122FAD4-DBEC-4025-8D97-D8A86F406FE6}.Debug|Any CPU.Build.0 = Debug|Any CPU
		{9122FAD4-DBEC-4025-8D97-D8A86F406FE6}.Release|Any CPU.ActiveCfg = Release|Any CPU
		{9122FAD4-DBEC-4025-8D97-D8A86F406FE6}.Release|Any CPU.Build.0 = Release|Any CPU
		{814C0058-63C1-47DB-98A3-1CAFF9E68B55}.Debug|Any CPU.ActiveCfg = Debug|Any CPU
		{814C0058-63C1-47DB-98A3-1CAFF9E68B55}.Debug|Any CPU.Build.0 = Debug|Any CPU
		{814C0058-63C1-47DB-98A3-1CAFF9E68B55}.Release|Any CPU.ActiveCfg = Release|Any CPU
		{814C0058-63C1-47DB-98A3-1CAFF9E68B55}.Release|Any CPU.Build.0 = Release|Any CPU
		{40F39643-3EB9-4744-8BAD-2CB10953147B}.Debug|Any CPU.ActiveCfg = Debug|Any CPU
		{40F39643-3EB9-4744-8BAD-2CB10953147B}.Debug|Any CPU.Build.0 = Debug|Any CPU
		{40F39643-3EB9-4744-8BAD-2CB10953147B}.Release|Any CPU.ActiveCfg = Release|Any CPU
		{40F39643-3EB9-4744-8BAD-2CB10953147B}.Release|Any CPU.Build.0 = Release|Any CPU
		{B25D4923-FD39-4285-ACA9-A54DC4FB83E8}.Debug|Any CPU.ActiveCfg = Debug|Any CPU
		{B25D4923-FD39-4285-ACA9-A54DC4FB83E8}.Debug|Any CPU.Build.0 = Debug|Any CPU
		{B25D4923-FD39-4285-ACA9-A54DC4FB83E8}.Release|Any CPU.ActiveCfg = Release|Any CPU
		{B25D4923-FD39-4285-ACA9-A54DC4FB83E8}.Release|Any CPU.Build.0 = Release|Any CPU
		{9CC44232-9166-4B01-9399-AC5BD2A50860}.Debug|Any CPU.ActiveCfg = Debug|Any CPU
		{9CC44232-9166-4B01-9399-AC5BD2A50860}.Debug|Any CPU.Build.0 = Debug|Any CPU
		{9CC44232-9166-4B01-9399-AC5BD2A50860}.Release|Any CPU.ActiveCfg = Release|Any CPU
		{9CC44232-9166-4B01-9399-AC5BD2A50860}.Release|Any CPU.Build.0 = Release|Any CPU
		{FD0C0D27-F192-4705-A17D-FA5383A7265B}.Debug|Any CPU.ActiveCfg = Debug|Any CPU
		{FD0C0D27-F192-4705-A17D-FA5383A7265B}.Debug|Any CPU.Build.0 = Debug|Any CPU
		{FD0C0D27-F192-4705-A17D-FA5383A7265B}.Release|Any CPU.ActiveCfg = Release|Any CPU
		{FD0C0D27-F192-4705-A17D-FA5383A7265B}.Release|Any CPU.Build.0 = Release|Any CPU
		{F0985B1C-E77A-4ADD-B2D9-B1F101AA6D75}.Debug|Any CPU.ActiveCfg = Debug|Any CPU
		{F0985B1C-E77A-4ADD-B2D9-B1F101AA6D75}.Debug|Any CPU.Build.0 = Debug|Any CPU
		{F0985B1C-E77A-4ADD-B2D9-B1F101AA6D75}.Release|Any CPU.ActiveCfg = Release|Any CPU
		{F0985B1C-E77A-4ADD-B2D9-B1F101AA6D75}.Release|Any CPU.Build.0 = Release|Any CPU
		{9990DE6E-E49D-4568-9AE4-C063C6D8E9E9}.Debug|Any CPU.ActiveCfg = Debug|Any CPU
		{9990DE6E-E49D-4568-9AE4-C063C6D8E9E9}.Debug|Any CPU.Build.0 = Debug|Any CPU
		{9990DE6E-E49D-4568-9AE4-C063C6D8E9E9}.Release|Any CPU.ActiveCfg = Release|Any CPU
		{9990DE6E-E49D-4568-9AE4-C063C6D8E9E9}.Release|Any CPU.Build.0 = Release|Any CPU
	EndGlobalSection
	GlobalSection(SolutionProperties) = preSolution
		HideSolutionNode = FALSE
	EndGlobalSection
EndGlobal
