
Microsoft Visual Studio Solution File, Format Version 12.00
# Visual Studio 14
VisualStudioVersion = 14.0.25420.1
MinimumVisualStudioVersion = 10.0.40219.1
Project("{FAE04EC0-301F-11D3-BF4B-00C04F79EFBC}") = "Using", "Using\Using.csproj", "{019F2A48-8EFD-40C3-9719-14E2462AA3EE}"
EndProject
Project("{FAE04EC0-301F-11D3-BF4B-00C04F79EFBC}") = "Unmanaged_resources", "Unmanaged_resources\Unmanaged_resources.csproj", "{8BA17122-58C8-444D-A291-8EED4B2E0D01}"
EndProject
Project("{FAE04EC0-301F-11D3-BF4B-00C04F79EFBC}") = "TwoSum", "TwoSum\TwoSum.csproj", "{586DA148-D6A8-4D8D-8401-639C68B7239D}"
EndProject
Project("{FAE04EC0-301F-11D3-BF4B-00C04F79EFBC}") = "TestP3", "TestP3\TestP3.csproj", "{3696E6CD-5993-425A-B169-75D8E762AA2D}"
EndProject
Project("{FAE04EC0-301F-11D3-BF4B-00C04F79EFBC}") = "TestP2", "TestP2\TestP2.csproj", "{05520D02-E308-4B81-945B-BB171418C317}"
EndProject
Project("{FAE04EC0-301F-11D3-BF4B-00C04F79EFBC}") = "TestP1", "TestP1\TestP1.csproj", "{099C5BC5-9F2E-4BF2-B0EB-7889B404DA3B}"
EndProject
Project("{FAE04EC0-301F-11D3-BF4B-00C04F79EFBC}") = "Testing06", "Testing06\Testing06.csproj", "{FC6524EB-DB59-466D-A9F3-DBD6705AC92B}"
EndProject
Project("{FAE04EC0-301F-11D3-BF4B-00C04F79EFBC}") = "Swaping", "Swaping\Swaping.csproj", "{9C62B4B1-E8FA-4B5D-A6D7-C816A86A8E66}"
EndProject
Project("{FAE04EC0-301F-11D3-BF4B-00C04F79EFBC}") = "Ref-String", "Ref-String\Ref-String.csproj", "{C33C0FAE-39DF-459C-BF09-BB98773CB82F}"
EndProject
Project("{FAE04EC0-301F-11D3-BF4B-00C04F79EFBC}") = "StaticConstructor", "StaticConstructor\StaticConstructor.csproj", "{A5664FB3-5E52-48E3-AFF9-9A45739897FE}"
EndProject
Project("{FAE04EC0-301F-11D3-BF4B-00C04F79EFBC}") = "StaticCtorInheritance", "StaticCtorInheritance\StaticCtorInheritance.csproj", "{F6C784F4-B5F4-493F-A937-0E29294ACEEF}"
EndProject
Project("{FAE04EC0-301F-11D3-BF4B-00C04F79EFBC}") = "Upcast-staticCTOR", "Upcast-staticCTOR\Upcast-staticCTOR.csproj", "{E5BC91CA-BD03-4AEB-974D-A0ADC78D73F3}"
EndProject
Project("{FAE04EC0-301F-11D3-BF4B-00C04F79EFBC}") = "TestProblem", "TestProblem\TestProblem.csproj", "{30C32E4E-2138-48CF-99DA-D0424CB2D593}"
EndProject
Project("{FAE04EC0-301F-11D3-BF4B-00C04F79EFBC}") = "Test", "Test\Test.csproj", "{F7A8F703-BF8F-49AE-B7AE-A572180DAFD9}"
EndProject
Project("{FAE04EC0-301F-11D3-BF4B-00C04F79EFBC}") = "Palindrome", "Palindrome\Palindrome.csproj", "{FA1C5677-1581-42F4-8281-BF350BE33B66}"
EndProject
Project("{FAE04EC0-301F-11D3-BF4B-00C04F79EFBC}") = "OperatorsOverloading", "OperatorsOverloading\OperatorsOverloading.csproj", "{6C3DF0E1-E0EA-43CF-85AC-20B18D1C4207}"
EndProject
Project("{FAE04EC0-301F-11D3-BF4B-00C04F79EFBC}") = "IsAs", "IsAs\IsAs.csproj", "{5276A48E-8660-4FA3-ABD0-C59B8581E659}"
EndProject
Project("{FAE04EC0-301F-11D3-BF4B-00C04F79EFBC}") = "InterfaceExplicitImplem", "InterfaceExplicitImplem\InterfaceExplicitImplem.csproj", "{853381CC-2C11-4DBE-B000-09A4D093CD94}"
EndProject
Project("{FAE04EC0-301F-11D3-BF4B-00C04F79EFBC}") = "InheritanceProblem", "InheritanceProblem\InheritanceProblem.csproj", "{E530C5CF-0727-4C35-86D2-EB68B2A6037D}"
EndProject
Project("{FAE04EC0-301F-11D3-BF4B-00C04F79EFBC}") = "Indexer-extensions", "Indexer\Indexer-extensions.csproj", "{708F8D62-BDB2-4208-9917-71B45B27480E}"
EndProject
Project("{FAE04EC0-301F-11D3-BF4B-00C04F79EFBC}") = "IClonable", "IClonable\IClonable.csproj", "{C1770EC6-78C0-402A-8AFE-6CF2945169F1}"
EndProject
Project("{FAE04EC0-301F-11D3-BF4B-00C04F79EFBC}") = "Events", "Events\Events.csproj", "{00DF47EC-9F49-4EF5-BB71-9B3D9EE33E47}"
EndProject
Project("{FAE04EC0-301F-11D3-BF4B-00C04F79EFBC}") = "Delegate", "Delegate\Delegate.csproj", "{1075FCA6-6CB1-4905-A98F-1D7F1420C3ED}"
EndProject
Project("{FAE04EC0-301F-11D3-BF4B-00C04F79EFBC}") = "CustomCollections", "CustomCollections\CustomCollections.csproj", "{B5B03EE6-4A89-4E6C-9B27-76CC9D09C43D}"
EndProject
Global
	GlobalSection(SolutionConfigurationPlatforms) = preSolution
		Debug|Any CPU = Debug|Any CPU
		Release|Any CPU = Release|Any CPU
	EndGlobalSection
	GlobalSection(ProjectConfigurationPlatforms) = postSolution
		{019F2A48-8EFD-40C3-9719-14E2462AA3EE}.Debug|Any CPU.ActiveCfg = Debug|Any CPU
		{019F2A48-8EFD-40C3-9719-14E2462AA3EE}.Debug|Any CPU.Build.0 = Debug|Any CPU
		{019F2A48-8EFD-40C3-9719-14E2462AA3EE}.Release|Any CPU.ActiveCfg = Release|Any CPU
		{019F2A48-8EFD-40C3-9719-14E2462AA3EE}.Release|Any CPU.Build.0 = Release|Any CPU
		{8BA17122-58C8-444D-A291-8EED4B2E0D01}.Debug|Any CPU.ActiveCfg = Debug|Any CPU
		{8BA17122-58C8-444D-A291-8EED4B2E0D01}.Debug|Any CPU.Build.0 = Debug|Any CPU
		{8BA17122-58C8-444D-A291-8EED4B2E0D01}.Release|Any CPU.ActiveCfg = Release|Any CPU
		{8BA17122-58C8-444D-A291-8EED4B2E0D01}.Release|Any CPU.Build.0 = Release|Any CPU
		{586DA148-D6A8-4D8D-8401-639C68B7239D}.Debug|Any CPU.ActiveCfg = Debug|Any CPU
		{586DA148-D6A8-4D8D-8401-639C68B7239D}.Debug|Any CPU.Build.0 = Debug|Any CPU
		{586DA148-D6A8-4D8D-8401-639C68B7239D}.Release|Any CPU.ActiveCfg = Release|Any CPU
		{586DA148-D6A8-4D8D-8401-639C68B7239D}.Release|Any CPU.Build.0 = Release|Any CPU
		{3696E6CD-5993-425A-B169-75D8E762AA2D}.Debug|Any CPU.ActiveCfg = Debug|Any CPU
		{3696E6CD-5993-425A-B169-75D8E762AA2D}.Debug|Any CPU.Build.0 = Debug|Any CPU
		{3696E6CD-5993-425A-B169-75D8E762AA2D}.Release|Any CPU.ActiveCfg = Release|Any CPU
		{3696E6CD-5993-425A-B169-75D8E762AA2D}.Release|Any CPU.Build.0 = Release|Any CPU
		{05520D02-E308-4B81-945B-BB171418C317}.Debug|Any CPU.ActiveCfg = Debug|Any CPU
		{05520D02-E308-4B81-945B-BB171418C317}.Debug|Any CPU.Build.0 = Debug|Any CPU
		{05520D02-E308-4B81-945B-BB171418C317}.Release|Any CPU.ActiveCfg = Release|Any CPU
		{05520D02-E308-4B81-945B-BB171418C317}.Release|Any CPU.Build.0 = Release|Any CPU
		{099C5BC5-9F2E-4BF2-B0EB-7889B404DA3B}.Debug|Any CPU.ActiveCfg = Debug|Any CPU
		{099C5BC5-9F2E-4BF2-B0EB-7889B404DA3B}.Debug|Any CPU.Build.0 = Debug|Any CPU
		{099C5BC5-9F2E-4BF2-B0EB-7889B404DA3B}.Release|Any CPU.ActiveCfg = Release|Any CPU
		{099C5BC5-9F2E-4BF2-B0EB-7889B404DA3B}.Release|Any CPU.Build.0 = Release|Any CPU
		{FC6524EB-DB59-466D-A9F3-DBD6705AC92B}.Debug|Any CPU.ActiveCfg = Debug|Any CPU
		{FC6524EB-DB59-466D-A9F3-DBD6705AC92B}.Debug|Any CPU.Build.0 = Debug|Any CPU
		{FC6524EB-DB59-466D-A9F3-DBD6705AC92B}.Release|Any CPU.ActiveCfg = Release|Any CPU
		{FC6524EB-DB59-466D-A9F3-DBD6705AC92B}.Release|Any CPU.Build.0 = Release|Any CPU
		{9C62B4B1-E8FA-4B5D-A6D7-C816A86A8E66}.Debug|Any CPU.ActiveCfg = Debug|Any CPU
		{9C62B4B1-E8FA-4B5D-A6D7-C816A86A8E66}.Debug|Any CPU.Build.0 = Debug|Any CPU
		{9C62B4B1-E8FA-4B5D-A6D7-C816A86A8E66}.Release|Any CPU.ActiveCfg = Release|Any CPU
		{9C62B4B1-E8FA-4B5D-A6D7-C816A86A8E66}.Release|Any CPU.Build.0 = Release|Any CPU
		{C33C0FAE-39DF-459C-BF09-BB98773CB82F}.Debug|Any CPU.ActiveCfg = Debug|Any CPU
		{C33C0FAE-39DF-459C-BF09-BB98773CB82F}.Debug|Any CPU.Build.0 = Debug|Any CPU
		{C33C0FAE-39DF-459C-BF09-BB98773CB82F}.Release|Any CPU.ActiveCfg = Release|Any CPU
		{C33C0FAE-39DF-459C-BF09-BB98773CB82F}.Release|Any CPU.Build.0 = Release|Any CPU
		{A5664FB3-5E52-48E3-AFF9-9A45739897FE}.Debug|Any CPU.ActiveCfg = Debug|Any CPU
		{A5664FB3-5E52-48E3-AFF9-9A45739897FE}.Debug|Any CPU.Build.0 = Debug|Any CPU
		{A5664FB3-5E52-48E3-AFF9-9A45739897FE}.Release|Any CPU.ActiveCfg = Release|Any CPU
		{A5664FB3-5E52-48E3-AFF9-9A45739897FE}.Release|Any CPU.Build.0 = Release|Any CPU
		{F6C784F4-B5F4-493F-A937-0E29294ACEEF}.Debug|Any CPU.ActiveCfg = Debug|Any CPU
		{F6C784F4-B5F4-493F-A937-0E29294ACEEF}.Debug|Any CPU.Build.0 = Debug|Any CPU
		{F6C784F4-B5F4-493F-A937-0E29294ACEEF}.Release|Any CPU.ActiveCfg = Release|Any CPU
		{F6C784F4-B5F4-493F-A937-0E29294ACEEF}.Release|Any CPU.Build.0 = Release|Any CPU
		{E5BC91CA-BD03-4AEB-974D-A0ADC78D73F3}.Debug|Any CPU.ActiveCfg = Debug|Any CPU
		{E5BC91CA-BD03-4AEB-974D-A0ADC78D73F3}.Debug|Any CPU.Build.0 = Debug|Any CPU
		{E5BC91CA-BD03-4AEB-974D-A0ADC78D73F3}.Release|Any CPU.ActiveCfg = Release|Any CPU
		{E5BC91CA-BD03-4AEB-974D-A0ADC78D73F3}.Release|Any CPU.Build.0 = Release|Any CPU
		{30C32E4E-2138-48CF-99DA-D0424CB2D593}.Debug|Any CPU.ActiveCfg = Debug|Any CPU
		{30C32E4E-2138-48CF-99DA-D0424CB2D593}.Debug|Any CPU.Build.0 = Debug|Any CPU
		{30C32E4E-2138-48CF-99DA-D0424CB2D593}.Release|Any CPU.ActiveCfg = Release|Any CPU
		{30C32E4E-2138-48CF-99DA-D0424CB2D593}.Release|Any CPU.Build.0 = Release|Any CPU
		{F7A8F703-BF8F-49AE-B7AE-A572180DAFD9}.Debug|Any CPU.ActiveCfg = Debug|Any CPU
		{F7A8F703-BF8F-49AE-B7AE-A572180DAFD9}.Debug|Any CPU.Build.0 = Debug|Any CPU
		{F7A8F703-BF8F-49AE-B7AE-A572180DAFD9}.Release|Any CPU.ActiveCfg = Release|Any CPU
		{F7A8F703-BF8F-49AE-B7AE-A572180DAFD9}.Release|Any CPU.Build.0 = Release|Any CPU
		{FA1C5677-1581-42F4-8281-BF350BE33B66}.Debug|Any CPU.ActiveCfg = Debug|Any CPU
		{FA1C5677-1581-42F4-8281-BF350BE33B66}.Debug|Any CPU.Build.0 = Debug|Any CPU
		{FA1C5677-1581-42F4-8281-BF350BE33B66}.Release|Any CPU.ActiveCfg = Release|Any CPU
		{FA1C5677-1581-42F4-8281-BF350BE33B66}.Release|Any CPU.Build.0 = Release|Any CPU
		{6C3DF0E1-E0EA-43CF-85AC-20B18D1C4207}.Debug|Any CPU.ActiveCfg = Debug|Any CPU
		{6C3DF0E1-E0EA-43CF-85AC-20B18D1C4207}.Debug|Any CPU.Build.0 = Debug|Any CPU
		{6C3DF0E1-E0EA-43CF-85AC-20B18D1C4207}.Release|Any CPU.ActiveCfg = Release|Any CPU
		{6C3DF0E1-E0EA-43CF-85AC-20B18D1C4207}.Release|Any CPU.Build.0 = Release|Any CPU
		{5276A48E-8660-4FA3-ABD0-C59B8581E659}.Debug|Any CPU.ActiveCfg = Debug|Any CPU
		{5276A48E-8660-4FA3-ABD0-C59B8581E659}.Debug|Any CPU.Build.0 = Debug|Any CPU
		{5276A48E-8660-4FA3-ABD0-C59B8581E659}.Release|Any CPU.ActiveCfg = Release|Any CPU
		{5276A48E-8660-4FA3-ABD0-C59B8581E659}.Release|Any CPU.Build.0 = Release|Any CPU
		{853381CC-2C11-4DBE-B000-09A4D093CD94}.Debug|Any CPU.ActiveCfg = Debug|Any CPU
		{853381CC-2C11-4DBE-B000-09A4D093CD94}.Debug|Any CPU.Build.0 = Debug|Any CPU
		{853381CC-2C11-4DBE-B000-09A4D093CD94}.Release|Any CPU.ActiveCfg = Release|Any CPU
		{853381CC-2C11-4DBE-B000-09A4D093CD94}.Release|Any CPU.Build.0 = Release|Any CPU
		{E530C5CF-0727-4C35-86D2-EB68B2A6037D}.Debug|Any CPU.ActiveCfg = Debug|Any CPU
		{E530C5CF-0727-4C35-86D2-EB68B2A6037D}.Debug|Any CPU.Build.0 = Debug|Any CPU
		{E530C5CF-0727-4C35-86D2-EB68B2A6037D}.Release|Any CPU.ActiveCfg = Release|Any CPU
		{E530C5CF-0727-4C35-86D2-EB68B2A6037D}.Release|Any CPU.Build.0 = Release|Any CPU
		{708F8D62-BDB2-4208-9917-71B45B27480E}.Debug|Any CPU.ActiveCfg = Debug|Any CPU
		{708F8D62-BDB2-4208-9917-71B45B27480E}.Debug|Any CPU.Build.0 = Debug|Any CPU
		{708F8D62-BDB2-4208-9917-71B45B27480E}.Release|Any CPU.ActiveCfg = Release|Any CPU
		{708F8D62-BDB2-4208-9917-71B45B27480E}.Release|Any CPU.Build.0 = Release|Any CPU
		{C1770EC6-78C0-402A-8AFE-6CF2945169F1}.Debug|Any CPU.ActiveCfg = Debug|Any CPU
		{C1770EC6-78C0-402A-8AFE-6CF2945169F1}.Debug|Any CPU.Build.0 = Debug|Any CPU
		{C1770EC6-78C0-402A-8AFE-6CF2945169F1}.Release|Any CPU.ActiveCfg = Release|Any CPU
		{C1770EC6-78C0-402A-8AFE-6CF2945169F1}.Release|Any CPU.Build.0 = Release|Any CPU
		{00DF47EC-9F49-4EF5-BB71-9B3D9EE33E47}.Debug|Any CPU.ActiveCfg = Debug|Any CPU
		{00DF47EC-9F49-4EF5-BB71-9B3D9EE33E47}.Debug|Any CPU.Build.0 = Debug|Any CPU
		{00DF47EC-9F49-4EF5-BB71-9B3D9EE33E47}.Release|Any CPU.ActiveCfg = Release|Any CPU
		{00DF47EC-9F49-4EF5-BB71-9B3D9EE33E47}.Release|Any CPU.Build.0 = Release|Any CPU
		{1075FCA6-6CB1-4905-A98F-1D7F1420C3ED}.Debug|Any CPU.ActiveCfg = Debug|Any CPU
		{1075FCA6-6CB1-4905-A98F-1D7F1420C3ED}.Debug|Any CPU.Build.0 = Debug|Any CPU
		{1075FCA6-6CB1-4905-A98F-1D7F1420C3ED}.Release|Any CPU.ActiveCfg = Release|Any CPU
		{1075FCA6-6CB1-4905-A98F-1D7F1420C3ED}.Release|Any CPU.Build.0 = Release|Any CPU
		{B5B03EE6-4A89-4E6C-9B27-76CC9D09C43D}.Debug|Any CPU.ActiveCfg = Debug|Any CPU
		{B5B03EE6-4A89-4E6C-9B27-76CC9D09C43D}.Debug|Any CPU.Build.0 = Debug|Any CPU
		{B5B03EE6-4A89-4E6C-9B27-76CC9D09C43D}.Release|Any CPU.ActiveCfg = Release|Any CPU
		{B5B03EE6-4A89-4E6C-9B27-76CC9D09C43D}.Release|Any CPU.Build.0 = Release|Any CPU
	EndGlobalSection
	GlobalSection(SolutionProperties) = preSolution
		HideSolutionNode = FALSE
	EndGlobalSection
EndGlobal
